
Microsoft Visual Studio Solution File, Format Version 12.00
# Visual Studio Version 17
VisualStudioVersion = 17.6.33801.468
MinimumVisualStudioVersion = 10.0.40219.1
Project("{FAE04EC0-301F-11D3-BF4B-00C04F79EFBC}") = "SignUp.Backend", "SignUp.Backend\SignUp.Backend.csproj", "{0A9953EA-9F84-435E-9BC1-A3E0FA423FCA}"
EndProject
Global
	GlobalSection(SolutionConfigurationPlatforms) = preSolution
		Debug|Any CPU = Debug|Any CPU
		Release|Any CPU = Release|Any CPU
	EndGlobalSection
	GlobalSection(ProjectConfigurationPlatforms) = postSolution
		{0A9953EA-9F84-435E-9BC1-A3E0FA423FCA}.Debug|Any CPU.ActiveCfg = Debug|Any CPU
		{0A9953EA-9F84-435E-9BC1-A3E0FA423FCA}.Debug|Any CPU.Build.0 = Debug|Any CPU
		{0A9953EA-9F84-435E-9BC1-A3E0FA423FCA}.Release|Any CPU.ActiveCfg = Release|Any CPU
		{0A9953EA-9F84-435E-9BC1-A3E0FA423FCA}.Release|Any CPU.Build.0 = Release|Any CPU
	EndGlobalSection
	GlobalSection(SolutionProperties) = preSolution
		HideSolutionNode = FALSE
	EndGlobalSection
	GlobalSection(ExtensibilityGlobals) = postSolution
		SolutionGuid = {E06B026C-0560-441B-AFDD-FA1F70F9018B}
	EndGlobalSection
EndGlobal
